// !$*UTF8*$!
{
	archiveVersion = 1;
	classes = {
	};
	objectVersion = 50;
	objects = {

/* Begin PBXBuildFile section */
		1ED6F62382015D6355D42167 /* Pods_CoolBlue.framework in Frameworks */ = {isa = PBXBuildFile; fileRef = A684A6FE70580DF0F9710D37 /* Pods_CoolBlue.framework */; };
		2991203A29570A427E1FE997 /* Pods_CoolBlueTests.framework in Frameworks */ = {isa = PBXBuildFile; fileRef = D5FCA49A41BD5FB5B4D5177D /* Pods_CoolBlueTests.framework */; };
		5903D135734E27CF6F54D897 /* Pods_CoolBlueUITests.framework in Frameworks */ = {isa = PBXBuildFile; fileRef = D6F7D506A4E88DD17A9D2D47 /* Pods_CoolBlueUITests.framework */; };
		5A27579920BBB87200A7DB8F /* Product.swift in Sources */ = {isa = PBXBuildFile; fileRef = 5A27579820BBB87200A7DB8F /* Product.swift */; };
		5A27579A20BBB87200A7DB8F /* Product.swift in Sources */ = {isa = PBXBuildFile; fileRef = 5A27579820BBB87200A7DB8F /* Product.swift */; };
		5A27579D20BBC03A00A7DB8F /* FetchProductWorker.swift in Sources */ = {isa = PBXBuildFile; fileRef = 5A27579C20BBC03A00A7DB8F /* FetchProductWorker.swift */; };
		5A27579E20BBC03A00A7DB8F /* FetchProductWorker.swift in Sources */ = {isa = PBXBuildFile; fileRef = 5A27579C20BBC03A00A7DB8F /* FetchProductWorker.swift */; };
		5A2757A320BBEAC700A7DB8F /* FetchProductListWorkerTests.swift in Sources */ = {isa = PBXBuildFile; fileRef = 5A2757A120BBEAC700A7DB8F /* FetchProductListWorkerTests.swift */; };
		5A2AA48520BF9A9D00E16282 /* ProductCell.xib in Resources */ = {isa = PBXBuildFile; fileRef = 5A2AA48320BF9A9D00E16282 /* ProductCell.xib */; };
		5A2AA48620BF9A9D00E16282 /* ProductCell.swift in Sources */ = {isa = PBXBuildFile; fileRef = 5A2AA48420BF9A9D00E16282 /* ProductCell.swift */; };
		5A2AA48720BF9AC200E16282 /* ProductCell.swift in Sources */ = {isa = PBXBuildFile; fileRef = 5A2AA48420BF9A9D00E16282 /* ProductCell.swift */; };
		5A2AA48920BFA32700E16282 /* Extensions.swift in Sources */ = {isa = PBXBuildFile; fileRef = 5A2AA48820BFA32700E16282 /* Extensions.swift */; };
		5A2AA48A20BFA32700E16282 /* Extensions.swift in Sources */ = {isa = PBXBuildFile; fileRef = 5A2AA48820BFA32700E16282 /* Extensions.swift */; };
		5A40228F20BCE9550015C0E7 /* ListingPresenterTests.swift in Sources */ = {isa = PBXBuildFile; fileRef = 5A40228E20BCE9540015C0E7 /* ListingPresenterTests.swift */; };
		5A40229220BCE9700015C0E7 /* ListingInteractorTests.swift in Sources */ = {isa = PBXBuildFile; fileRef = 5A40229120BCE9700015C0E7 /* ListingInteractorTests.swift */; };
		5A40229520BCF1BC0015C0E7 /* ListingViewTests.swift in Sources */ = {isa = PBXBuildFile; fileRef = 5A40229420BCF1BC0015C0E7 /* ListingViewTests.swift */; };
		5A58B8E920BA2F0400890320 /* AppDelegate.swift in Sources */ = {isa = PBXBuildFile; fileRef = 5A58B8E820BA2F0400890320 /* AppDelegate.swift */; };
		5A58B8F020BA2F0500890320 /* Assets.xcassets in Resources */ = {isa = PBXBuildFile; fileRef = 5A58B8EF20BA2F0500890320 /* Assets.xcassets */; };
		5A58B8F320BA2F0500890320 /* LaunchScreen.storyboard in Resources */ = {isa = PBXBuildFile; fileRef = 5A58B8F120BA2F0500890320 /* LaunchScreen.storyboard */; };
		5A58B90920BA2F0500890320 /* CoolBlueUITests.swift in Sources */ = {isa = PBXBuildFile; fileRef = 5A58B90820BA2F0500890320 /* CoolBlueUITests.swift */; };
		5A58B91F20BA34F800890320 /* ListingView.swift in Sources */ = {isa = PBXBuildFile; fileRef = 5A58B91E20BA34F800890320 /* ListingView.swift */; };
		5A58B92020BA34F800890320 /* ListingView.swift in Sources */ = {isa = PBXBuildFile; fileRef = 5A58B91E20BA34F800890320 /* ListingView.swift */; };
		5A58B92220BA35FD00890320 /* ListingInteractor.swift in Sources */ = {isa = PBXBuildFile; fileRef = 5A58B92120BA35FD00890320 /* ListingInteractor.swift */; };
		5A58B92320BA35FD00890320 /* ListingInteractor.swift in Sources */ = {isa = PBXBuildFile; fileRef = 5A58B92120BA35FD00890320 /* ListingInteractor.swift */; };
		5A58B92620BA364C00890320 /* ListingPresenter.swift in Sources */ = {isa = PBXBuildFile; fileRef = 5A58B92520BA364C00890320 /* ListingPresenter.swift */; };
		5A58B92720BA364C00890320 /* ListingPresenter.swift in Sources */ = {isa = PBXBuildFile; fileRef = 5A58B92520BA364C00890320 /* ListingPresenter.swift */; };
		5A58B92920BA378200890320 /* ListingWireframe.swift in Sources */ = {isa = PBXBuildFile; fileRef = 5A58B92820BA378200890320 /* ListingWireframe.swift */; };
		5A58B92A20BA378200890320 /* ListingWireframe.swift in Sources */ = {isa = PBXBuildFile; fileRef = 5A58B92820BA378200890320 /* ListingWireframe.swift */; };
		5A58B92C20BA379B00890320 /* ListingConfigurator.swift in Sources */ = {isa = PBXBuildFile; fileRef = 5A58B92B20BA379B00890320 /* ListingConfigurator.swift */; };
		5A58B92D20BA379B00890320 /* ListingConfigurator.swift in Sources */ = {isa = PBXBuildFile; fileRef = 5A58B92B20BA379B00890320 /* ListingConfigurator.swift */; };
		5A58B92F20BA3A2E00890320 /* ListingProtocols.swift in Sources */ = {isa = PBXBuildFile; fileRef = 5A58B92E20BA3A2E00890320 /* ListingProtocols.swift */; };
		5A58B93020BA3A2E00890320 /* ListingProtocols.swift in Sources */ = {isa = PBXBuildFile; fileRef = 5A58B92E20BA3A2E00890320 /* ListingProtocols.swift */; };
		5A58B93620BA5D4A00890320 /* ListingConfiguratorTests.swift in Sources */ = {isa = PBXBuildFile; fileRef = 5A58B93420BA5D4A00890320 /* ListingConfiguratorTests.swift */; };
		5A58B93A20BA617D00890320 /* ApiClient.swift in Sources */ = {isa = PBXBuildFile; fileRef = 5A58B93920BA617D00890320 /* ApiClient.swift */; };
		5A58B93B20BA617D00890320 /* ApiClient.swift in Sources */ = {isa = PBXBuildFile; fileRef = 5A58B93920BA617D00890320 /* ApiClient.swift */; };
		5A58B93E20BB0CFB00890320 /* ApiClientTests.swift in Sources */ = {isa = PBXBuildFile; fileRef = 5A58B93D20BB0CFB00890320 /* ApiClientTests.swift */; };
		5A58B94020BB46ED00890320 /* XCTestCaseExtensions.swift in Sources */ = {isa = PBXBuildFile; fileRef = 5A58B93F20BB46ED00890320 /* XCTestCaseExtensions.swift */; };
		A23DFA2220BE34F3004C8146 /* ListingView.xib in Resources */ = {isa = PBXBuildFile; fileRef = A23DFA2120BE34F3004C8146 /* ListingView.xib */; };
/* End PBXBuildFile section */

/* Begin PBXContainerItemProxy section */
		5A58B8FA20BA2F0500890320 /* PBXContainerItemProxy */ = {
			isa = PBXContainerItemProxy;
			containerPortal = 5A58B8DD20BA2F0400890320 /* Project object */;
			proxyType = 1;
			remoteGlobalIDString = 5A58B8E420BA2F0400890320;
			remoteInfo = CoolBlue;
		};
		5A58B90520BA2F0500890320 /* PBXContainerItemProxy */ = {
			isa = PBXContainerItemProxy;
			containerPortal = 5A58B8DD20BA2F0400890320 /* Project object */;
			proxyType = 1;
			remoteGlobalIDString = 5A58B8E420BA2F0400890320;
			remoteInfo = CoolBlue;
		};
/* End PBXContainerItemProxy section */

/* Begin PBXFileReference section */
		173CEFC54FFA5351D7E4F1D4 /* Pods-CoolBlue.release.xcconfig */ = {isa = PBXFileReference; includeInIndex = 1; lastKnownFileType = text.xcconfig; name = "Pods-CoolBlue.release.xcconfig"; path = "Pods/Target Support Files/Pods-CoolBlue/Pods-CoolBlue.release.xcconfig"; sourceTree = "<group>"; };
		56CE79345C1E104C366C1A15 /* Pods-CoolBlueUITests.release.xcconfig */ = {isa = PBXFileReference; includeInIndex = 1; lastKnownFileType = text.xcconfig; name = "Pods-CoolBlueUITests.release.xcconfig"; path = "Pods/Target Support Files/Pods-CoolBlueUITests/Pods-CoolBlueUITests.release.xcconfig"; sourceTree = "<group>"; };
		5A27579820BBB87200A7DB8F /* Product.swift */ = {isa = PBXFileReference; lastKnownFileType = sourcecode.swift; path = Product.swift; sourceTree = "<group>"; };
		5A27579C20BBC03A00A7DB8F /* FetchProductWorker.swift */ = {isa = PBXFileReference; lastKnownFileType = sourcecode.swift; path = FetchProductWorker.swift; sourceTree = "<group>"; };
		5A2757A120BBEAC700A7DB8F /* FetchProductListWorkerTests.swift */ = {isa = PBXFileReference; lastKnownFileType = sourcecode.swift; path = FetchProductListWorkerTests.swift; sourceTree = "<group>"; };
		5A2AA48320BF9A9D00E16282 /* ProductCell.xib */ = {isa = PBXFileReference; fileEncoding = 4; lastKnownFileType = file.xib; path = ProductCell.xib; sourceTree = "<group>"; };
		5A2AA48420BF9A9D00E16282 /* ProductCell.swift */ = {isa = PBXFileReference; fileEncoding = 4; lastKnownFileType = sourcecode.swift; path = ProductCell.swift; sourceTree = "<group>"; };
		5A2AA48820BFA32700E16282 /* Extensions.swift */ = {isa = PBXFileReference; lastKnownFileType = sourcecode.swift; path = Extensions.swift; sourceTree = "<group>"; };
		5A40228E20BCE9540015C0E7 /* ListingPresenterTests.swift */ = {isa = PBXFileReference; lastKnownFileType = sourcecode.swift; path = ListingPresenterTests.swift; sourceTree = "<group>"; };
		5A40229120BCE9700015C0E7 /* ListingInteractorTests.swift */ = {isa = PBXFileReference; lastKnownFileType = sourcecode.swift; path = ListingInteractorTests.swift; sourceTree = "<group>"; };
		5A40229420BCF1BC0015C0E7 /* ListingViewTests.swift */ = {isa = PBXFileReference; lastKnownFileType = sourcecode.swift; path = ListingViewTests.swift; sourceTree = "<group>"; };
		5A58B8E520BA2F0400890320 /* CoolBlue.app */ = {isa = PBXFileReference; explicitFileType = wrapper.application; includeInIndex = 0; path = CoolBlue.app; sourceTree = BUILT_PRODUCTS_DIR; };
		5A58B8E820BA2F0400890320 /* AppDelegate.swift */ = {isa = PBXFileReference; lastKnownFileType = sourcecode.swift; path = AppDelegate.swift; sourceTree = "<group>"; };
		5A58B8EF20BA2F0500890320 /* Assets.xcassets */ = {isa = PBXFileReference; lastKnownFileType = folder.assetcatalog; path = Assets.xcassets; sourceTree = "<group>"; };
		5A58B8F220BA2F0500890320 /* Base */ = {isa = PBXFileReference; lastKnownFileType = file.storyboard; name = Base; path = Base.lproj/LaunchScreen.storyboard; sourceTree = "<group>"; };
		5A58B8F420BA2F0500890320 /* Info.plist */ = {isa = PBXFileReference; lastKnownFileType = text.plist.xml; path = Info.plist; sourceTree = "<group>"; };
		5A58B8F920BA2F0500890320 /* CoolBlueTests.xctest */ = {isa = PBXFileReference; explicitFileType = wrapper.cfbundle; includeInIndex = 0; path = CoolBlueTests.xctest; sourceTree = BUILT_PRODUCTS_DIR; };
		5A58B8FF20BA2F0500890320 /* Info.plist */ = {isa = PBXFileReference; lastKnownFileType = text.plist.xml; path = Info.plist; sourceTree = "<group>"; };
		5A58B90420BA2F0500890320 /* CoolBlueUITests.xctest */ = {isa = PBXFileReference; explicitFileType = wrapper.cfbundle; includeInIndex = 0; path = CoolBlueUITests.xctest; sourceTree = BUILT_PRODUCTS_DIR; };
		5A58B90820BA2F0500890320 /* CoolBlueUITests.swift */ = {isa = PBXFileReference; lastKnownFileType = sourcecode.swift; path = CoolBlueUITests.swift; sourceTree = "<group>"; };
		5A58B90A20BA2F0500890320 /* Info.plist */ = {isa = PBXFileReference; lastKnownFileType = text.plist.xml; path = Info.plist; sourceTree = "<group>"; };
		5A58B91E20BA34F800890320 /* ListingView.swift */ = {isa = PBXFileReference; lastKnownFileType = sourcecode.swift; path = ListingView.swift; sourceTree = "<group>"; };
		5A58B92120BA35FD00890320 /* ListingInteractor.swift */ = {isa = PBXFileReference; lastKnownFileType = sourcecode.swift; path = ListingInteractor.swift; sourceTree = "<group>"; };
		5A58B92520BA364C00890320 /* ListingPresenter.swift */ = {isa = PBXFileReference; lastKnownFileType = sourcecode.swift; path = ListingPresenter.swift; sourceTree = "<group>"; };
		5A58B92820BA378200890320 /* ListingWireframe.swift */ = {isa = PBXFileReference; lastKnownFileType = sourcecode.swift; path = ListingWireframe.swift; sourceTree = "<group>"; };
		5A58B92B20BA379B00890320 /* ListingConfigurator.swift */ = {isa = PBXFileReference; lastKnownFileType = sourcecode.swift; path = ListingConfigurator.swift; sourceTree = "<group>"; };
		5A58B92E20BA3A2E00890320 /* ListingProtocols.swift */ = {isa = PBXFileReference; lastKnownFileType = sourcecode.swift; path = ListingProtocols.swift; sourceTree = "<group>"; };
		5A58B93420BA5D4A00890320 /* ListingConfiguratorTests.swift */ = {isa = PBXFileReference; lastKnownFileType = sourcecode.swift; path = ListingConfiguratorTests.swift; sourceTree = "<group>"; };
		5A58B93920BA617D00890320 /* ApiClient.swift */ = {isa = PBXFileReference; lastKnownFileType = sourcecode.swift; path = ApiClient.swift; sourceTree = "<group>"; };
		5A58B93D20BB0CFB00890320 /* ApiClientTests.swift */ = {isa = PBXFileReference; lastKnownFileType = sourcecode.swift; path = ApiClientTests.swift; sourceTree = "<group>"; };
		5A58B93F20BB46ED00890320 /* XCTestCaseExtensions.swift */ = {isa = PBXFileReference; lastKnownFileType = sourcecode.swift; path = XCTestCaseExtensions.swift; sourceTree = "<group>"; };
		5E149B2F2E1424EB75DD20DB /* Pods-CoolBlue.debug.xcconfig */ = {isa = PBXFileReference; includeInIndex = 1; lastKnownFileType = text.xcconfig; name = "Pods-CoolBlue.debug.xcconfig"; path = "Pods/Target Support Files/Pods-CoolBlue/Pods-CoolBlue.debug.xcconfig"; sourceTree = "<group>"; };
		7B79C795160DF17CEE0C942C /* Pods-CoolBlueTests.release.xcconfig */ = {isa = PBXFileReference; includeInIndex = 1; lastKnownFileType = text.xcconfig; name = "Pods-CoolBlueTests.release.xcconfig"; path = "Pods/Target Support Files/Pods-CoolBlueTests/Pods-CoolBlueTests.release.xcconfig"; sourceTree = "<group>"; };
		A23DFA2120BE34F3004C8146 /* ListingView.xib */ = {isa = PBXFileReference; lastKnownFileType = file.xib; path = ListingView.xib; sourceTree = "<group>"; };
		A684A6FE70580DF0F9710D37 /* Pods_CoolBlue.framework */ = {isa = PBXFileReference; explicitFileType = wrapper.framework; includeInIndex = 0; path = Pods_CoolBlue.framework; sourceTree = BUILT_PRODUCTS_DIR; };
		D1801C682EA234586812D737 /* Pods-CoolBlueTests.debug.xcconfig */ = {isa = PBXFileReference; includeInIndex = 1; lastKnownFileType = text.xcconfig; name = "Pods-CoolBlueTests.debug.xcconfig"; path = "Pods/Target Support Files/Pods-CoolBlueTests/Pods-CoolBlueTests.debug.xcconfig"; sourceTree = "<group>"; };
		D5FCA49A41BD5FB5B4D5177D /* Pods_CoolBlueTests.framework */ = {isa = PBXFileReference; explicitFileType = wrapper.framework; includeInIndex = 0; path = Pods_CoolBlueTests.framework; sourceTree = BUILT_PRODUCTS_DIR; };
		D6F7D506A4E88DD17A9D2D47 /* Pods_CoolBlueUITests.framework */ = {isa = PBXFileReference; explicitFileType = wrapper.framework; includeInIndex = 0; path = Pods_CoolBlueUITests.framework; sourceTree = BUILT_PRODUCTS_DIR; };
		F81776EC54B4D993005FE0D8 /* Pods-CoolBlueUITests.debug.xcconfig */ = {isa = PBXFileReference; includeInIndex = 1; lastKnownFileType = text.xcconfig; name = "Pods-CoolBlueUITests.debug.xcconfig"; path = "Pods/Target Support Files/Pods-CoolBlueUITests/Pods-CoolBlueUITests.debug.xcconfig"; sourceTree = "<group>"; };
/* End PBXFileReference section */

/* Begin PBXFrameworksBuildPhase section */
		5A58B8E220BA2F0400890320 /* Frameworks */ = {
			isa = PBXFrameworksBuildPhase;
			buildActionMask = 2147483647;
			files = (
				1ED6F62382015D6355D42167 /* Pods_CoolBlue.framework in Frameworks */,
			);
			runOnlyForDeploymentPostprocessing = 0;
		};
		5A58B8F620BA2F0500890320 /* Frameworks */ = {
			isa = PBXFrameworksBuildPhase;
			buildActionMask = 2147483647;
			files = (
				2991203A29570A427E1FE997 /* Pods_CoolBlueTests.framework in Frameworks */,
			);
			runOnlyForDeploymentPostprocessing = 0;
		};
		5A58B90120BA2F0500890320 /* Frameworks */ = {
			isa = PBXFrameworksBuildPhase;
			buildActionMask = 2147483647;
			files = (
				5903D135734E27CF6F54D897 /* Pods_CoolBlueUITests.framework in Frameworks */,
			);
			runOnlyForDeploymentPostprocessing = 0;
		};
/* End PBXFrameworksBuildPhase section */

/* Begin PBXGroup section */
		3F859798ED06D613819E4B30 /* Pods */ = {
			isa = PBXGroup;
			children = (
				5E149B2F2E1424EB75DD20DB /* Pods-CoolBlue.debug.xcconfig */,
				173CEFC54FFA5351D7E4F1D4 /* Pods-CoolBlue.release.xcconfig */,
				D1801C682EA234586812D737 /* Pods-CoolBlueTests.debug.xcconfig */,
				7B79C795160DF17CEE0C942C /* Pods-CoolBlueTests.release.xcconfig */,
				F81776EC54B4D993005FE0D8 /* Pods-CoolBlueUITests.debug.xcconfig */,
				56CE79345C1E104C366C1A15 /* Pods-CoolBlueUITests.release.xcconfig */,
			);
			name = Pods;
			sourceTree = "<group>";
		};
		5A27579720BBB85300A7DB8F /* Product */ = {
			isa = PBXGroup;
			children = (
				5A27579820BBB87200A7DB8F /* Product.swift */,
			);
			path = Product;
			sourceTree = "<group>";
		};
		5A27579B20BBC02200A7DB8F /* Worker */ = {
			isa = PBXGroup;
			children = (
				5A27579C20BBC03A00A7DB8F /* FetchProductWorker.swift */,
			);
			path = Worker;
			sourceTree = "<group>";
		};
		5A27579F20BBEA9700A7DB8F /* Interactor */ = {
			isa = PBXGroup;
			children = (
				5A2757A020BBEAB400A7DB8F /* Worker */,
				5A40229120BCE9700015C0E7 /* ListingInteractorTests.swift */,
			);
			path = Interactor;
			sourceTree = "<group>";
		};
		5A2757A020BBEAB400A7DB8F /* Worker */ = {
			isa = PBXGroup;
			children = (
				5A2757A120BBEAC700A7DB8F /* FetchProductListWorkerTests.swift */,
			);
			path = Worker;
			sourceTree = "<group>";
		};
		5A40228D20BCE8FB0015C0E7 /* Presenter */ = {
			isa = PBXGroup;
			children = (
				5A40228E20BCE9540015C0E7 /* ListingPresenterTests.swift */,
			);
			path = Presenter;
			sourceTree = "<group>";
		};
		5A40229320BCF1A20015C0E7 /* View */ = {
			isa = PBXGroup;
			children = (
				5A40229420BCF1BC0015C0E7 /* ListingViewTests.swift */,
			);
			path = View;
			sourceTree = "<group>";
		};
		5A58B8DC20BA2F0400890320 = {
			isa = PBXGroup;
			children = (
				5A58B8E720BA2F0400890320 /* CoolBlue */,
				5A58B8FC20BA2F0500890320 /* CoolBlueTests */,
				5A58B90720BA2F0500890320 /* CoolBlueUITests */,
				5A58B8E620BA2F0400890320 /* Products */,
				3F859798ED06D613819E4B30 /* Pods */,
				8E9147ABBA9EDB42D7CB9D2F /* Frameworks */,
			);
			sourceTree = "<group>";
		};
		5A58B8E620BA2F0400890320 /* Products */ = {
			isa = PBXGroup;
			children = (
				5A58B8E520BA2F0400890320 /* CoolBlue.app */,
				5A58B8F920BA2F0500890320 /* CoolBlueTests.xctest */,
				5A58B90420BA2F0500890320 /* CoolBlueUITests.xctest */,
			);
			name = Products;
			sourceTree = "<group>";
		};
		5A58B8E720BA2F0400890320 /* CoolBlue */ = {
			isa = PBXGroup;
			children = (
				5A58B93820BA614F00890320 /* Core */,
				5A58B91620BA32C200890320 /* Modules */,
				5A58B8E820BA2F0400890320 /* AppDelegate.swift */,
				5A58B8EF20BA2F0500890320 /* Assets.xcassets */,
				5A58B8F120BA2F0500890320 /* LaunchScreen.storyboard */,
				5A58B8F420BA2F0500890320 /* Info.plist */,
			);
			path = CoolBlue;
			sourceTree = "<group>";
		};
		5A58B8FC20BA2F0500890320 /* CoolBlueTests */ = {
			isa = PBXGroup;
			children = (
				5A58B93C20BB0CE500890320 /* Core */,
				5A58B93120BA5CB300890320 /* Modules */,
				5A58B8FF20BA2F0500890320 /* Info.plist */,
			);
			path = CoolBlueTests;
			sourceTree = "<group>";
		};
		5A58B90720BA2F0500890320 /* CoolBlueUITests */ = {
			isa = PBXGroup;
			children = (
				5A58B90820BA2F0500890320 /* CoolBlueUITests.swift */,
				5A58B90A20BA2F0500890320 /* Info.plist */,
			);
			path = CoolBlueUITests;
			sourceTree = "<group>";
		};
		5A58B91620BA32C200890320 /* Modules */ = {
			isa = PBXGroup;
			children = (
				5A58B91720BA32CD00890320 /* Listing */,
			);
			path = Modules;
			sourceTree = "<group>";
		};
		5A58B91720BA32CD00890320 /* Listing */ = {
			isa = PBXGroup;
			children = (
				5A58B91D20BA337C00890320 /* Configurator */,
				5A58B91820BA32F300890320 /* View */,
				5A58B91A20BA332A00890320 /* Interactor */,
				5A58B91920BA330900890320 /* Presenter */,
				5A58B91C20BA335D00890320 /* Wireframe */,
				5A27579B20BBC02200A7DB8F /* Worker */,
				5A58B92420BA362000890320 /* Protocols */,
			);
			path = Listing;
			sourceTree = "<group>";
		};
		5A58B91820BA32F300890320 /* View */ = {
			isa = PBXGroup;
			children = (
				A23DFA1620BE187B004C8146 /* ProductCell */,
				5A58B91E20BA34F800890320 /* ListingView.swift */,
				A23DFA2120BE34F3004C8146 /* ListingView.xib */,
			);
			path = View;
			sourceTree = "<group>";
		};
		5A58B91920BA330900890320 /* Presenter */ = {
			isa = PBXGroup;
			children = (
				5A58B92520BA364C00890320 /* ListingPresenter.swift */,
			);
			path = Presenter;
			sourceTree = "<group>";
		};
		5A58B91A20BA332A00890320 /* Interactor */ = {
			isa = PBXGroup;
			children = (
				5A58B92120BA35FD00890320 /* ListingInteractor.swift */,
			);
			path = Interactor;
			sourceTree = "<group>";
		};
		5A58B91C20BA335D00890320 /* Wireframe */ = {
			isa = PBXGroup;
			children = (
				5A58B92820BA378200890320 /* ListingWireframe.swift */,
			);
			path = Wireframe;
			sourceTree = "<group>";
		};
		5A58B91D20BA337C00890320 /* Configurator */ = {
			isa = PBXGroup;
			children = (
				5A58B92B20BA379B00890320 /* ListingConfigurator.swift */,
			);
			path = Configurator;
			sourceTree = "<group>";
		};
		5A58B92420BA362000890320 /* Protocols */ = {
			isa = PBXGroup;
			children = (
				5A58B92E20BA3A2E00890320 /* ListingProtocols.swift */,
			);
			path = Protocols;
			sourceTree = "<group>";
		};
		5A58B93120BA5CB300890320 /* Modules */ = {
			isa = PBXGroup;
			children = (
				5A58B93220BA5CDB00890320 /* Listing */,
			);
			path = Modules;
			sourceTree = "<group>";
		};
		5A58B93220BA5CDB00890320 /* Listing */ = {
			isa = PBXGroup;
			children = (
				5A40229320BCF1A20015C0E7 /* View */,
				5A40228D20BCE8FB0015C0E7 /* Presenter */,
				5A27579F20BBEA9700A7DB8F /* Interactor */,
				5A58B93320BA5D1A00890320 /* Configurator */,
			);
			path = Listing;
			sourceTree = "<group>";
		};
		5A58B93320BA5D1A00890320 /* Configurator */ = {
			isa = PBXGroup;
			children = (
				5A58B93420BA5D4A00890320 /* ListingConfiguratorTests.swift */,
			);
			path = Configurator;
			sourceTree = "<group>";
		};
		5A58B93820BA614F00890320 /* Core */ = {
			isa = PBXGroup;
			children = (
				A23DFA2320BE39DD004C8146 /* Util */,
				5A27579720BBB85300A7DB8F /* Product */,
				5A8C414520BBAA3E00AC2376 /* ApiClient */,
			);
			path = Core;
			sourceTree = "<group>";
		};
		5A58B93C20BB0CE500890320 /* Core */ = {
			isa = PBXGroup;
			children = (
				5A58B93D20BB0CFB00890320 /* ApiClientTests.swift */,
				5A58B93F20BB46ED00890320 /* XCTestCaseExtensions.swift */,
			);
			path = Core;
			sourceTree = "<group>";
		};
		5A8C414520BBAA3E00AC2376 /* ApiClient */ = {
			isa = PBXGroup;
			children = (
				5A58B93920BA617D00890320 /* ApiClient.swift */,
			);
			path = ApiClient;
			sourceTree = "<group>";
		};
		8E9147ABBA9EDB42D7CB9D2F /* Frameworks */ = {
			isa = PBXGroup;
			children = (
				A684A6FE70580DF0F9710D37 /* Pods_CoolBlue.framework */,
				D5FCA49A41BD5FB5B4D5177D /* Pods_CoolBlueTests.framework */,
				D6F7D506A4E88DD17A9D2D47 /* Pods_CoolBlueUITests.framework */,
			);
			name = Frameworks;
			sourceTree = "<group>";
		};
		A23DFA1620BE187B004C8146 /* ProductCell */ = {
			isa = PBXGroup;
			children = (
				5A2AA48420BF9A9D00E16282 /* ProductCell.swift */,
				5A2AA48320BF9A9D00E16282 /* ProductCell.xib */,
			);
			path = ProductCell;
			sourceTree = "<group>";
		};
		A23DFA2320BE39DD004C8146 /* Util */ = {
			isa = PBXGroup;
			children = (
				5A2AA48820BFA32700E16282 /* Extensions.swift */,
			);
			path = Util;
			sourceTree = "<group>";
		};
/* End PBXGroup section */

/* Begin PBXNativeTarget section */
		5A58B8E420BA2F0400890320 /* CoolBlue */ = {
			isa = PBXNativeTarget;
			buildConfigurationList = 5A58B90D20BA2F0500890320 /* Build configuration list for PBXNativeTarget "CoolBlue" */;
			buildPhases = (
				17FB8AD7E2577DF305EA60AB /* [CP] Check Pods Manifest.lock */,
				5A58B8E120BA2F0400890320 /* Sources */,
				5A58B8E220BA2F0400890320 /* Frameworks */,
				5A58B8E320BA2F0400890320 /* Resources */,
				37BC5E422562F4223F92C419 /* [CP] Embed Pods Frameworks */,
			);
			buildRules = (
			);
			dependencies = (
			);
			name = CoolBlue;
			productName = CoolBlue;
			productReference = 5A58B8E520BA2F0400890320 /* CoolBlue.app */;
			productType = "com.apple.product-type.application";
		};
		5A58B8F820BA2F0500890320 /* CoolBlueTests */ = {
			isa = PBXNativeTarget;
			buildConfigurationList = 5A58B91020BA2F0500890320 /* Build configuration list for PBXNativeTarget "CoolBlueTests" */;
			buildPhases = (
				8D65B633BA14468D786B7E5F /* [CP] Check Pods Manifest.lock */,
				5A58B8F520BA2F0500890320 /* Sources */,
				5A58B8F620BA2F0500890320 /* Frameworks */,
				5A58B8F720BA2F0500890320 /* Resources */,
			);
			buildRules = (
			);
			dependencies = (
				5A58B8FB20BA2F0500890320 /* PBXTargetDependency */,
			);
			name = CoolBlueTests;
			productName = CoolBlueTests;
			productReference = 5A58B8F920BA2F0500890320 /* CoolBlueTests.xctest */;
			productType = "com.apple.product-type.bundle.unit-test";
		};
		5A58B90320BA2F0500890320 /* CoolBlueUITests */ = {
			isa = PBXNativeTarget;
			buildConfigurationList = 5A58B91320BA2F0500890320 /* Build configuration list for PBXNativeTarget "CoolBlueUITests" */;
			buildPhases = (
				997C31202B1E91DDE9D5950C /* [CP] Check Pods Manifest.lock */,
				5A58B90020BA2F0500890320 /* Sources */,
				5A58B90120BA2F0500890320 /* Frameworks */,
				5A58B90220BA2F0500890320 /* Resources */,
			);
			buildRules = (
			);
			dependencies = (
				5A58B90620BA2F0500890320 /* PBXTargetDependency */,
			);
			name = CoolBlueUITests;
			productName = CoolBlueUITests;
			productReference = 5A58B90420BA2F0500890320 /* CoolBlueUITests.xctest */;
			productType = "com.apple.product-type.bundle.ui-testing";
		};
/* End PBXNativeTarget section */

/* Begin PBXProject section */
		5A58B8DD20BA2F0400890320 /* Project object */ = {
			isa = PBXProject;
			attributes = {
				LastSwiftUpdateCheck = 0930;
				LastUpgradeCheck = 0930;
				ORGANIZATIONNAME = "Douglas Mandarino";
				TargetAttributes = {
					5A58B8E420BA2F0400890320 = {
						CreatedOnToolsVersion = 9.3.1;
					};
					5A58B8F820BA2F0500890320 = {
						CreatedOnToolsVersion = 9.3.1;
						TestTargetID = 5A58B8E420BA2F0400890320;
					};
					5A58B90320BA2F0500890320 = {
						CreatedOnToolsVersion = 9.3.1;
						TestTargetID = 5A58B8E420BA2F0400890320;
					};
				};
			};
			buildConfigurationList = 5A58B8E020BA2F0400890320 /* Build configuration list for PBXProject "CoolBlue" */;
			compatibilityVersion = "Xcode 9.3";
			developmentRegion = en;
			hasScannedForEncodings = 0;
			knownRegions = (
				en,
				Base,
			);
			mainGroup = 5A58B8DC20BA2F0400890320;
			productRefGroup = 5A58B8E620BA2F0400890320 /* Products */;
			projectDirPath = "";
			projectRoot = "";
			targets = (
				5A58B8E420BA2F0400890320 /* CoolBlue */,
				5A58B8F820BA2F0500890320 /* CoolBlueTests */,
				5A58B90320BA2F0500890320 /* CoolBlueUITests */,
			);
		};
/* End PBXProject section */

/* Begin PBXResourcesBuildPhase section */
		5A58B8E320BA2F0400890320 /* Resources */ = {
			isa = PBXResourcesBuildPhase;
			buildActionMask = 2147483647;
			files = (
				A23DFA2220BE34F3004C8146 /* ListingView.xib in Resources */,
				5A2AA48520BF9A9D00E16282 /* ProductCell.xib in Resources */,
				5A58B8F320BA2F0500890320 /* LaunchScreen.storyboard in Resources */,
				5A58B8F020BA2F0500890320 /* Assets.xcassets in Resources */,
			);
			runOnlyForDeploymentPostprocessing = 0;
		};
		5A58B8F720BA2F0500890320 /* Resources */ = {
			isa = PBXResourcesBuildPhase;
			buildActionMask = 2147483647;
			files = (
			);
			runOnlyForDeploymentPostprocessing = 0;
		};
		5A58B90220BA2F0500890320 /* Resources */ = {
			isa = PBXResourcesBuildPhase;
			buildActionMask = 2147483647;
			files = (
			);
			runOnlyForDeploymentPostprocessing = 0;
		};
/* End PBXResourcesBuildPhase section */

/* Begin PBXShellScriptBuildPhase section */
		17FB8AD7E2577DF305EA60AB /* [CP] Check Pods Manifest.lock */ = {
			isa = PBXShellScriptBuildPhase;
			buildActionMask = 2147483647;
			files = (
			);
			inputPaths = (
				"${PODS_PODFILE_DIR_PATH}/Podfile.lock",
				"${PODS_ROOT}/Manifest.lock",
			);
			name = "[CP] Check Pods Manifest.lock";
			outputPaths = (
				"$(DERIVED_FILE_DIR)/Pods-CoolBlue-checkManifestLockResult.txt",
			);
			runOnlyForDeploymentPostprocessing = 0;
			shellPath = /bin/sh;
			shellScript = "diff \"${PODS_PODFILE_DIR_PATH}/Podfile.lock\" \"${PODS_ROOT}/Manifest.lock\" > /dev/null\nif [ $? != 0 ] ; then\n    # print error to STDERR\n    echo \"error: The sandbox is not in sync with the Podfile.lock. Run 'pod install' or update your CocoaPods installation.\" >&2\n    exit 1\nfi\n# This output is used by Xcode 'outputs' to avoid re-running this script phase.\necho \"SUCCESS\" > \"${SCRIPT_OUTPUT_FILE_0}\"\n";
			showEnvVarsInLog = 0;
		};
		37BC5E422562F4223F92C419 /* [CP] Embed Pods Frameworks */ = {
			isa = PBXShellScriptBuildPhase;
			buildActionMask = 2147483647;
			files = (
			);
			inputPaths = (
				"${SRCROOT}/Pods/Target Support Files/Pods-CoolBlue/Pods-CoolBlue-frameworks.sh",
				"${BUILT_PRODUCTS_DIR}/Alamofire/Alamofire.framework",
				"${BUILT_PRODUCTS_DIR}/AlamofireImage/AlamofireImage.framework",
				"${BUILT_PRODUCTS_DIR}/SkeletonView/SkeletonView.framework",
				"${BUILT_PRODUCTS_DIR}/SwiftyJSON/SwiftyJSON.framework",
			);
			name = "[CP] Embed Pods Frameworks";
			outputPaths = (
				"${TARGET_BUILD_DIR}/${FRAMEWORKS_FOLDER_PATH}/Alamofire.framework",
				"${TARGET_BUILD_DIR}/${FRAMEWORKS_FOLDER_PATH}/AlamofireImage.framework",
				"${TARGET_BUILD_DIR}/${FRAMEWORKS_FOLDER_PATH}/SkeletonView.framework",
				"${TARGET_BUILD_DIR}/${FRAMEWORKS_FOLDER_PATH}/SwiftyJSON.framework",
			);
			runOnlyForDeploymentPostprocessing = 0;
			shellPath = /bin/sh;
			shellScript = "\"${SRCROOT}/Pods/Target Support Files/Pods-CoolBlue/Pods-CoolBlue-frameworks.sh\"\n";
			showEnvVarsInLog = 0;
		};
		8D65B633BA14468D786B7E5F /* [CP] Check Pods Manifest.lock */ = {
			isa = PBXShellScriptBuildPhase;
			buildActionMask = 2147483647;
			files = (
			);
			inputPaths = (
				"${PODS_PODFILE_DIR_PATH}/Podfile.lock",
				"${PODS_ROOT}/Manifest.lock",
			);
			name = "[CP] Check Pods Manifest.lock";
			outputPaths = (
				"$(DERIVED_FILE_DIR)/Pods-CoolBlueTests-checkManifestLockResult.txt",
			);
			runOnlyForDeploymentPostprocessing = 0;
			shellPath = /bin/sh;
			shellScript = "diff \"${PODS_PODFILE_DIR_PATH}/Podfile.lock\" \"${PODS_ROOT}/Manifest.lock\" > /dev/null\nif [ $? != 0 ] ; then\n    # print error to STDERR\n    echo \"error: The sandbox is not in sync with the Podfile.lock. Run 'pod install' or update your CocoaPods installation.\" >&2\n    exit 1\nfi\n# This output is used by Xcode 'outputs' to avoid re-running this script phase.\necho \"SUCCESS\" > \"${SCRIPT_OUTPUT_FILE_0}\"\n";
			showEnvVarsInLog = 0;
		};
		997C31202B1E91DDE9D5950C /* [CP] Check Pods Manifest.lock */ = {
			isa = PBXShellScriptBuildPhase;
			buildActionMask = 2147483647;
			files = (
			);
			inputPaths = (
				"${PODS_PODFILE_DIR_PATH}/Podfile.lock",
				"${PODS_ROOT}/Manifest.lock",
			);
			name = "[CP] Check Pods Manifest.lock";
			outputPaths = (
				"$(DERIVED_FILE_DIR)/Pods-CoolBlueUITests-checkManifestLockResult.txt",
			);
			runOnlyForDeploymentPostprocessing = 0;
			shellPath = /bin/sh;
			shellScript = "diff \"${PODS_PODFILE_DIR_PATH}/Podfile.lock\" \"${PODS_ROOT}/Manifest.lock\" > /dev/null\nif [ $? != 0 ] ; then\n    # print error to STDERR\n    echo \"error: The sandbox is not in sync with the Podfile.lock. Run 'pod install' or update your CocoaPods installation.\" >&2\n    exit 1\nfi\n# This output is used by Xcode 'outputs' to avoid re-running this script phase.\necho \"SUCCESS\" > \"${SCRIPT_OUTPUT_FILE_0}\"\n";
			showEnvVarsInLog = 0;
		};
/* End PBXShellScriptBuildPhase section */

/* Begin PBXSourcesBuildPhase section */
		5A58B8E120BA2F0400890320 /* Sources */ = {
			isa = PBXSourcesBuildPhase;
			buildActionMask = 2147483647;
			files = (
				5A58B92F20BA3A2E00890320 /* ListingProtocols.swift in Sources */,
				5A58B93A20BA617D00890320 /* ApiClient.swift in Sources */,
				5A58B8E920BA2F0400890320 /* AppDelegate.swift in Sources */,
				5A2AA48620BF9A9D00E16282 /* ProductCell.swift in Sources */,
				5A58B92620BA364C00890320 /* ListingPresenter.swift in Sources */,
				5A27579D20BBC03A00A7DB8F /* FetchProductWorker.swift in Sources */,
				5A58B92C20BA379B00890320 /* ListingConfigurator.swift in Sources */,
				5A58B92920BA378200890320 /* ListingWireframe.swift in Sources */,
				5A27579920BBB87200A7DB8F /* Product.swift in Sources */,
				5A2AA48920BFA32700E16282 /* Extensions.swift in Sources */,
				5A58B91F20BA34F800890320 /* ListingView.swift in Sources */,
				5A58B92220BA35FD00890320 /* ListingInteractor.swift in Sources */,
			);
			runOnlyForDeploymentPostprocessing = 0;
		};
		5A58B8F520BA2F0500890320 /* Sources */ = {
			isa = PBXSourcesBuildPhase;
			buildActionMask = 2147483647;
			files = (
				5A2757A320BBEAC700A7DB8F /* FetchProductListWorkerTests.swift in Sources */,
				5A27579E20BBC03A00A7DB8F /* FetchProductWorker.swift in Sources */,
				5A58B94020BB46ED00890320 /* XCTestCaseExtensions.swift in Sources */,
				5A58B93620BA5D4A00890320 /* ListingConfiguratorTests.swift in Sources */,
				5A58B93020BA3A2E00890320 /* ListingProtocols.swift in Sources */,
				5A58B92320BA35FD00890320 /* ListingInteractor.swift in Sources */,
				5A58B93E20BB0CFB00890320 /* ApiClientTests.swift in Sources */,
				5A2AA48A20BFA32700E16282 /* Extensions.swift in Sources */,
				5A27579A20BBB87200A7DB8F /* Product.swift in Sources */,
				5A58B93B20BA617D00890320 /* ApiClient.swift in Sources */,
				5A40229520BCF1BC0015C0E7 /* ListingViewTests.swift in Sources */,
				5A58B92A20BA378200890320 /* ListingWireframe.swift in Sources */,
				5A58B92020BA34F800890320 /* ListingView.swift in Sources */,
				5A2AA48720BF9AC200E16282 /* ProductCell.swift in Sources */,
				5A40229220BCE9700015C0E7 /* ListingInteractorTests.swift in Sources */,
				5A40228F20BCE9550015C0E7 /* ListingPresenterTests.swift in Sources */,
				5A58B92720BA364C00890320 /* ListingPresenter.swift in Sources */,
				5A58B92D20BA379B00890320 /* ListingConfigurator.swift in Sources */,
			);
			runOnlyForDeploymentPostprocessing = 0;
		};
		5A58B90020BA2F0500890320 /* Sources */ = {
			isa = PBXSourcesBuildPhase;
			buildActionMask = 2147483647;
			files = (
				5A58B90920BA2F0500890320 /* CoolBlueUITests.swift in Sources */,
			);
			runOnlyForDeploymentPostprocessing = 0;
		};
/* End PBXSourcesBuildPhase section */

/* Begin PBXTargetDependency section */
		5A58B8FB20BA2F0500890320 /* PBXTargetDependency */ = {
			isa = PBXTargetDependency;
			target = 5A58B8E420BA2F0400890320 /* CoolBlue */;
			targetProxy = 5A58B8FA20BA2F0500890320 /* PBXContainerItemProxy */;
		};
		5A58B90620BA2F0500890320 /* PBXTargetDependency */ = {
			isa = PBXTargetDependency;
			target = 5A58B8E420BA2F0400890320 /* CoolBlue */;
			targetProxy = 5A58B90520BA2F0500890320 /* PBXContainerItemProxy */;
		};
/* End PBXTargetDependency section */

/* Begin PBXVariantGroup section */
		5A58B8F120BA2F0500890320 /* LaunchScreen.storyboard */ = {
			isa = PBXVariantGroup;
			children = (
				5A58B8F220BA2F0500890320 /* Base */,
			);
			name = LaunchScreen.storyboard;
			sourceTree = "<group>";
		};
/* End PBXVariantGroup section */

/* Begin XCBuildConfiguration section */
		5A58B90B20BA2F0500890320 /* Debug */ = {
			isa = XCBuildConfiguration;
			buildSettings = {
				ALWAYS_SEARCH_USER_PATHS = NO;
				CLANG_ANALYZER_NONNULL = YES;
				CLANG_ANALYZER_NUMBER_OBJECT_CONVERSION = YES_AGGRESSIVE;
				CLANG_CXX_LANGUAGE_STANDARD = "gnu++14";
				CLANG_CXX_LIBRARY = "libc++";
				CLANG_ENABLE_MODULES = YES;
				CLANG_ENABLE_OBJC_ARC = YES;
				CLANG_ENABLE_OBJC_WEAK = YES;
				CLANG_WARN_BLOCK_CAPTURE_AUTORELEASING = YES;
				CLANG_WARN_BOOL_CONVERSION = YES;
				CLANG_WARN_COMMA = YES;
				CLANG_WARN_CONSTANT_CONVERSION = YES;
				CLANG_WARN_DEPRECATED_OBJC_IMPLEMENTATIONS = YES;
				CLANG_WARN_DIRECT_OBJC_ISA_USAGE = YES_ERROR;
				CLANG_WARN_DOCUMENTATION_COMMENTS = YES;
				CLANG_WARN_EMPTY_BODY = YES;
				CLANG_WARN_ENUM_CONVERSION = YES;
				CLANG_WARN_INFINITE_RECURSION = YES;
				CLANG_WARN_INT_CONVERSION = YES;
				CLANG_WARN_NON_LITERAL_NULL_CONVERSION = YES;
				CLANG_WARN_OBJC_IMPLICIT_RETAIN_SELF = YES;
				CLANG_WARN_OBJC_LITERAL_CONVERSION = YES;
				CLANG_WARN_OBJC_ROOT_CLASS = YES_ERROR;
				CLANG_WARN_RANGE_LOOP_ANALYSIS = YES;
				CLANG_WARN_STRICT_PROTOTYPES = YES;
				CLANG_WARN_SUSPICIOUS_MOVE = YES;
				CLANG_WARN_UNGUARDED_AVAILABILITY = YES_AGGRESSIVE;
				CLANG_WARN_UNREACHABLE_CODE = YES;
				CLANG_WARN__DUPLICATE_METHOD_MATCH = YES;
				CODE_SIGN_IDENTITY = "iPhone Developer";
				COPY_PHASE_STRIP = NO;
				DEBUG_INFORMATION_FORMAT = dwarf;
				ENABLE_STRICT_OBJC_MSGSEND = YES;
				ENABLE_TESTABILITY = YES;
				GCC_C_LANGUAGE_STANDARD = gnu11;
				GCC_DYNAMIC_NO_PIC = NO;
				GCC_NO_COMMON_BLOCKS = YES;
				GCC_OPTIMIZATION_LEVEL = 0;
				GCC_PREPROCESSOR_DEFINITIONS = (
					"DEBUG=1",
					"$(inherited)",
				);
				GCC_WARN_64_TO_32_BIT_CONVERSION = YES;
				GCC_WARN_ABOUT_RETURN_TYPE = YES_ERROR;
				GCC_WARN_UNDECLARED_SELECTOR = YES;
				GCC_WARN_UNINITIALIZED_AUTOS = YES_AGGRESSIVE;
				GCC_WARN_UNUSED_FUNCTION = YES;
				GCC_WARN_UNUSED_VARIABLE = YES;
				IPHONEOS_DEPLOYMENT_TARGET = 11.3;
				MTL_ENABLE_DEBUG_INFO = YES;
				ONLY_ACTIVE_ARCH = YES;
				SDKROOT = iphoneos;
				SWIFT_ACTIVE_COMPILATION_CONDITIONS = DEBUG;
				SWIFT_OPTIMIZATION_LEVEL = "-Onone";
			};
			name = Debug;
		};
		5A58B90C20BA2F0500890320 /* Release */ = {
			isa = XCBuildConfiguration;
			buildSettings = {
				ALWAYS_SEARCH_USER_PATHS = NO;
				CLANG_ANALYZER_NONNULL = YES;
				CLANG_ANALYZER_NUMBER_OBJECT_CONVERSION = YES_AGGRESSIVE;
				CLANG_CXX_LANGUAGE_STANDARD = "gnu++14";
				CLANG_CXX_LIBRARY = "libc++";
				CLANG_ENABLE_MODULES = YES;
				CLANG_ENABLE_OBJC_ARC = YES;
				CLANG_ENABLE_OBJC_WEAK = YES;
				CLANG_WARN_BLOCK_CAPTURE_AUTORELEASING = YES;
				CLANG_WARN_BOOL_CONVERSION = YES;
				CLANG_WARN_COMMA = YES;
				CLANG_WARN_CONSTANT_CONVERSION = YES;
				CLANG_WARN_DEPRECATED_OBJC_IMPLEMENTATIONS = YES;
				CLANG_WARN_DIRECT_OBJC_ISA_USAGE = YES_ERROR;
				CLANG_WARN_DOCUMENTATION_COMMENTS = YES;
				CLANG_WARN_EMPTY_BODY = YES;
				CLANG_WARN_ENUM_CONVERSION = YES;
				CLANG_WARN_INFINITE_RECURSION = YES;
				CLANG_WARN_INT_CONVERSION = YES;
				CLANG_WARN_NON_LITERAL_NULL_CONVERSION = YES;
				CLANG_WARN_OBJC_IMPLICIT_RETAIN_SELF = YES;
				CLANG_WARN_OBJC_LITERAL_CONVERSION = YES;
				CLANG_WARN_OBJC_ROOT_CLASS = YES_ERROR;
				CLANG_WARN_RANGE_LOOP_ANALYSIS = YES;
				CLANG_WARN_STRICT_PROTOTYPES = YES;
				CLANG_WARN_SUSPICIOUS_MOVE = YES;
				CLANG_WARN_UNGUARDED_AVAILABILITY = YES_AGGRESSIVE;
				CLANG_WARN_UNREACHABLE_CODE = YES;
				CLANG_WARN__DUPLICATE_METHOD_MATCH = YES;
				CODE_SIGN_IDENTITY = "iPhone Developer";
				COPY_PHASE_STRIP = NO;
				DEBUG_INFORMATION_FORMAT = "dwarf-with-dsym";
				ENABLE_NS_ASSERTIONS = NO;
				ENABLE_STRICT_OBJC_MSGSEND = YES;
				GCC_C_LANGUAGE_STANDARD = gnu11;
				GCC_NO_COMMON_BLOCKS = YES;
				GCC_WARN_64_TO_32_BIT_CONVERSION = YES;
				GCC_WARN_ABOUT_RETURN_TYPE = YES_ERROR;
				GCC_WARN_UNDECLARED_SELECTOR = YES;
				GCC_WARN_UNINITIALIZED_AUTOS = YES_AGGRESSIVE;
				GCC_WARN_UNUSED_FUNCTION = YES;
				GCC_WARN_UNUSED_VARIABLE = YES;
				IPHONEOS_DEPLOYMENT_TARGET = 11.3;
				MTL_ENABLE_DEBUG_INFO = NO;
				SDKROOT = iphoneos;
				SWIFT_COMPILATION_MODE = wholemodule;
				SWIFT_OPTIMIZATION_LEVEL = "-O";
				VALIDATE_PRODUCT = YES;
			};
			name = Release;
		};
		5A58B90E20BA2F0500890320 /* Debug */ = {
			isa = XCBuildConfiguration;
			baseConfigurationReference = 5E149B2F2E1424EB75DD20DB /* Pods-CoolBlue.debug.xcconfig */;
			buildSettings = {
				ASSETCATALOG_COMPILER_APPICON_NAME = AppIcon;
				CODE_SIGN_STYLE = Automatic;
				DEVELOPMENT_TEAM = N3GG8VLR9P;
				INFOPLIST_FILE = CoolBlue/Info.plist;
				IPHONEOS_DEPLOYMENT_TARGET = 11.0;
				LD_RUNPATH_SEARCH_PATHS = "$(inherited) @executable_path/Frameworks";
				PRODUCT_BUNDLE_IDENTIFIER = com.mandarino.douglas.CoolBlue;
				PRODUCT_NAME = "$(TARGET_NAME)";
				SWIFT_VERSION = 4.0;
				TARGETED_DEVICE_FAMILY = 1;
			};
			name = Debug;
		};
		5A58B90F20BA2F0500890320 /* Release */ = {
			isa = XCBuildConfiguration;
			baseConfigurationReference = 173CEFC54FFA5351D7E4F1D4 /* Pods-CoolBlue.release.xcconfig */;
			buildSettings = {
				ASSETCATALOG_COMPILER_APPICON_NAME = AppIcon;
				CODE_SIGN_STYLE = Automatic;
				DEVELOPMENT_TEAM = N3GG8VLR9P;
				INFOPLIST_FILE = CoolBlue/Info.plist;
				IPHONEOS_DEPLOYMENT_TARGET = 11.0;
				LD_RUNPATH_SEARCH_PATHS = "$(inherited) @executable_path/Frameworks";
				PRODUCT_BUNDLE_IDENTIFIER = com.mandarino.douglas.CoolBlue;
				PRODUCT_NAME = "$(TARGET_NAME)";
				SWIFT_VERSION = 4.0;
				TARGETED_DEVICE_FAMILY = 1;
			};
			name = Release;
		};
		5A58B91120BA2F0500890320 /* Debug */ = {
			isa = XCBuildConfiguration;
			baseConfigurationReference = D1801C682EA234586812D737 /* Pods-CoolBlueTests.debug.xcconfig */;
			buildSettings = {
				ALWAYS_EMBED_SWIFT_STANDARD_LIBRARIES = YES;
				BUNDLE_LOADER = "$(TEST_HOST)";
				CODE_SIGN_STYLE = Automatic;
				DEVELOPMENT_TEAM = N3GG8VLR9P;
				INFOPLIST_FILE = CoolBlueTests/Info.plist;
				LD_RUNPATH_SEARCH_PATHS = "$(inherited) @executable_path/Frameworks @loader_path/Frameworks";
				PRODUCT_BUNDLE_IDENTIFIER = com.mandarino.douglas.CoolBlueTests;
				PRODUCT_NAME = "$(TARGET_NAME)";
				SWIFT_VERSION = 4.0;
				TARGETED_DEVICE_FAMILY = "1,2";
				TEST_HOST = "$(BUILT_PRODUCTS_DIR)/CoolBlue.app/CoolBlue";
			};
			name = Debug;
		};
		5A58B91220BA2F0500890320 /* Release */ = {
			isa = XCBuildConfiguration;
			baseConfigurationReference = 7B79C795160DF17CEE0C942C /* Pods-CoolBlueTests.release.xcconfig */;
			buildSettings = {
				ALWAYS_EMBED_SWIFT_STANDARD_LIBRARIES = YES;
				BUNDLE_LOADER = "$(TEST_HOST)";
				CODE_SIGN_STYLE = Automatic;
				DEVELOPMENT_TEAM = N3GG8VLR9P;
				INFOPLIST_FILE = CoolBlueTests/Info.plist;
				LD_RUNPATH_SEARCH_PATHS = "$(inherited) @executable_path/Frameworks @loader_path/Frameworks";
				PRODUCT_BUNDLE_IDENTIFIER = com.mandarino.douglas.CoolBlueTests;
				PRODUCT_NAME = "$(TARGET_NAME)";
				SWIFT_VERSION = 4.0;
				TARGETED_DEVICE_FAMILY = "1,2";
				TEST_HOST = "$(BUILT_PRODUCTS_DIR)/CoolBlue.app/CoolBlue";
			};
			name = Release;
		};
		5A58B91420BA2F0500890320 /* Debug */ = {
			isa = XCBuildConfiguration;
			baseConfigurationReference = F81776EC54B4D993005FE0D8 /* Pods-CoolBlueUITests.debug.xcconfig */;
			buildSettings = {
				ALWAYS_EMBED_SWIFT_STANDARD_LIBRARIES = YES;
				CODE_SIGN_STYLE = Automatic;
				DEVELOPMENT_TEAM = N3GG8VLR9P;
				INFOPLIST_FILE = CoolBlueUITests/Info.plist;
				LD_RUNPATH_SEARCH_PATHS = "$(inherited) @executable_path/Frameworks @loader_path/Frameworks";
				PRODUCT_BUNDLE_IDENTIFIER = com.mandarino.douglas.CoolBlueUITests;
				PRODUCT_NAME = "$(TARGET_NAME)";
				SWIFT_VERSION = 4.0;
				TARGETED_DEVICE_FAMILY = "1,2";
				TEST_TARGET_NAME = CoolBlue;
			};
			name = Debug;
		};
		5A58B91520BA2F0500890320 /* Release */ = {
			isa = XCBuildConfiguration;
			baseConfigurationReference = 56CE79345C1E104C366C1A15 /* Pods-CoolBlueUITests.release.xcconfig */;
			buildSettings = {
				ALWAYS_EMBED_SWIFT_STANDARD_LIBRARIES = YES;
				CODE_SIGN_STYLE = Automatic;
				DEVELOPMENT_TEAM = N3GG8VLR9P;
				INFOPLIST_FILE = CoolBlueUITests/Info.plist;
				LD_RUNPATH_SEARCH_PATHS = "$(inherited) @executable_path/Frameworks @loader_path/Frameworks";
				PRODUCT_BUNDLE_IDENTIFIER = com.mandarino.douglas.CoolBlueUITests;
				PRODUCT_NAME = "$(TARGET_NAME)";
				SWIFT_VERSION = 4.0;
				TARGETED_DEVICE_FAMILY = "1,2";
				TEST_TARGET_NAME = CoolBlue;
			};
			name = Release;
		};
/* End XCBuildConfiguration section */

/* Begin XCConfigurationList section */
		5A58B8E020BA2F0400890320 /* Build configuration list for PBXProject "CoolBlue" */ = {
			isa = XCConfigurationList;
			buildConfigurations = (
				5A58B90B20BA2F0500890320 /* Debug */,
				5A58B90C20BA2F0500890320 /* Release */,
			);
			defaultConfigurationIsVisible = 0;
			defaultConfigurationName = Release;
		};
		5A58B90D20BA2F0500890320 /* Build configuration list for PBXNativeTarget "CoolBlue" */ = {
			isa = XCConfigurationList;
			buildConfigurations = (
				5A58B90E20BA2F0500890320 /* Debug */,
				5A58B90F20BA2F0500890320 /* Release */,
			);
			defaultConfigurationIsVisible = 0;
			defaultConfigurationName = Release;
		};
		5A58B91020BA2F0500890320 /* Build configuration list for PBXNativeTarget "CoolBlueTests" */ = {
			isa = XCConfigurationList;
			buildConfigurations = (
				5A58B91120BA2F0500890320 /* Debug */,
				5A58B91220BA2F0500890320 /* Release */,
			);
			defaultConfigurationIsVisible = 0;
			defaultConfigurationName = Release;
		};
		5A58B91320BA2F0500890320 /* Build configuration list for PBXNativeTarget "CoolBlueUITests" */ = {
			isa = XCConfigurationList;
			buildConfigurations = (
				5A58B91420BA2F0500890320 /* Debug */,
				5A58B91520BA2F0500890320 /* Release */,
			);
			defaultConfigurationIsVisible = 0;
			defaultConfigurationName = Release;
		};
/* End XCConfigurationList section */
	};
	rootObject = 5A58B8DD20BA2F0400890320 /* Project object */;
}
